
Microsoft Visual Studio Solution File, Format Version 12.00
# Visual Studio Version 17
VisualStudioVersion = 17.12.35521.163 d17.12
MinimumVisualStudioVersion = 10.0.40219.1
Project("{2150E333-8FDC-42A3-9474-1A3956D46DE8}") = "Solution Items", "Solution Items", "{67F4885B-CF1F-4640-943F-363213B100A9}"
	ProjectSection(SolutionItems) = preProject
		global.json = global.json
		NuGet.config = NuGet.config
	EndProjectSection
EndProject
Project("{FAE04EC0-301F-11D3-BF4B-00C04F79EFBC}") = "NModbus4", "NModbus4\NModbus4.csproj", "{BFFECAE5-EE19-46E5-A9CD-43BABA9BC0B3}"
EndProject
Project("{FAE04EC0-301F-11D3-BF4B-00C04F79EFBC}") = "NModbus4.Serial", "NModbus4.Serial\NModbus4.Serial.csproj", "{9EF5A0E6-0EFB-4163-8208-189D47A6215E}"
EndProject
Global
	GlobalSection(SolutionConfigurationPlatforms) = preSolution
		Debug|Any CPU = Debug|Any CPU
		Release|Any CPU = Release|Any CPU
	EndGlobalSection
	GlobalSection(ProjectConfigurationPlatforms) = postSolution
		{BFFECAE5-EE19-46E5-A9CD-43BABA9BC0B3}.Debug|Any CPU.ActiveCfg = Debug|Any CPU
		{BFFECAE5-EE19-46E5-A9CD-43BABA9BC0B3}.Debug|Any CPU.Build.0 = Debug|Any CPU
		{BFFECAE5-EE19-46E5-A9CD-43BABA9BC0B3}.Release|Any CPU.ActiveCfg = Release|Any CPU
		{BFFECAE5-EE19-46E5-A9CD-43BABA9BC0B3}.Release|Any CPU.Build.0 = Release|Any CPU
		{9EF5A0E6-0EFB-4163-8208-189D47A6215E}.Debug|Any CPU.ActiveCfg = Debug|Any CPU
		{9EF5A0E6-0EFB-4163-8208-189D47A6215E}.Debug|Any CPU.Build.0 = Debug|Any CPU
		{9EF5A0E6-0EFB-4163-8208-189D47A6215E}.Release|Any CPU.ActiveCfg = Release|Any CPU
		{9EF5A0E6-0EFB-4163-8208-189D47A6215E}.Release|Any CPU.Build.0 = Release|Any CPU
	EndGlobalSection
	GlobalSection(SolutionProperties) = preSolution
		HideSolutionNode = FALSE
	EndGlobalSection
EndGlobal
